
Microsoft Visual Studio Solution File, Format Version 12.00
# Visual Studio Version 17
VisualStudioVersion = 17.4.33110.190
MinimumVisualStudioVersion = 10.0.40219.1
Project("{8BC9CEB8-8B4A-11D0-8D11-00A0C91BC942}") = "Day00", "Day00\Day00.vcxproj", "{BD25C345-9630-4EC4-B079-E75727B20397}"
EndProject
Project("{8BC9CEB8-8B4A-11D0-8D11-00A0C91BC942}") = "Day01", "Day01\Day01.vcxproj", "{EF7F2CA0-1C1D-4E44-9D5E-8D1380BC3212}"
EndProject
Project("{8BC9CEB8-8B4A-11D0-8D11-00A0C91BC942}") = "Day02", "Day02\Day02.vcxproj", "{419B3243-EB1E-44B1-85C1-609DCAC159D8}"
EndProject
Project("{8BC9CEB8-8B4A-11D0-8D11-00A0C91BC942}") = "Day03", "Day03\Day03.vcxproj", "{17BD2D2D-38C8-4B2F-994D-BCFFBBF49C7A}"
EndProject
Project("{8BC9CEB8-8B4A-11D0-8D11-00A0C91BC942}") = "Day04", "Day04\Day04.vcxproj", "{22834614-EF1E-4C3C-844A-5B33F276417D}"
EndProject
Project("{8BC9CEB8-8B4A-11D0-8D11-00A0C91BC942}") = "Day05", "Day05\Day05.vcxproj", "{58E4CDC5-8362-417D-91FD-7981458CD94C}"
EndProject
Project("{8BC9CEB8-8B4A-11D0-8D11-00A0C91BC942}") = "Day06", "Day06\Day06.vcxproj", "{E830F4F3-3194-41FA-B042-38A39D55390A}"
EndProject
Project("{8BC9CEB8-8B4A-11D0-8D11-00A0C91BC942}") = "Day07", "Day07\Day07.vcxproj", "{A29E887F-29F7-45B8-BF5A-4382A55248C0}"
EndProject
Project("{8BC9CEB8-8B4A-11D0-8D11-00A0C91BC942}") = "Day08", "Day08\Day08.vcxproj", "{94ABEC0D-3D8C-4E32-944E-775B37CC5CCA}"
EndProject
Project("{8BC9CEB8-8B4A-11D0-8D11-00A0C91BC942}") = "Day09", "Day09\Day09.vcxproj", "{C64A689E-EB97-49C6-90C1-0ECD7DCB67B1}"
EndProject
Project("{8BC9CEB8-8B4A-11D0-8D11-00A0C91BC942}") = "Day10", "Day10\Day10.vcxproj", "{A1C0E43C-261B-4BCC-863F-9B77418B02DE}"
EndProject
Project("{8BC9CEB8-8B4A-11D0-8D11-00A0C91BC942}") = "Day11", "Day11\Day11.vcxproj", "{13DA06EB-E603-4A6F-91FA-FDCCA5EB2450}"
EndProject
Project("{8BC9CEB8-8B4A-11D0-8D11-00A0C91BC942}") = "Day12", "Day12\Day12.vcxproj", "{19F32A4F-BC90-4F53-8006-0DA2C14043B3}"
EndProject
Project("{8BC9CEB8-8B4A-11D0-8D11-00A0C91BC942}") = "Day13", "Day13\Day13.vcxproj", "{D6A55337-F3BA-4FF2-A431-16A67EA387B0}"
EndProject
Project("{8BC9CEB8-8B4A-11D0-8D11-00A0C91BC942}") = "Day14", "Day14\Day14.vcxproj", "{B7F51D5C-0992-4551-B529-7F3A77189335}"
EndProject
Project("{8BC9CEB8-8B4A-11D0-8D11-00A0C91BC942}") = "Day15", "Day15\Day15.vcxproj", "{239A0981-7E1D-481A-B50D-8D5A404AAE35}"
EndProject
Project("{8BC9CEB8-8B4A-11D0-8D11-00A0C91BC942}") = "Day16", "Day16\Day16.vcxproj", "{3DD06A60-C852-4B8A-85AB-A5BEB4ED78D2}"
EndProject
Project("{8BC9CEB8-8B4A-11D0-8D11-00A0C91BC942}") = "Day17", "Day17\Day17.vcxproj", "{21A05B53-BFB1-4806-AD8C-1B62DE455F14}"
EndProject
Project("{8BC9CEB8-8B4A-11D0-8D11-00A0C91BC942}") = "Day18", "Day18\Day18.vcxproj", "{148213B2-FFBA-4269-BBF8-AA299379CC3B}"
EndProject
Project("{8BC9CEB8-8B4A-11D0-8D11-00A0C91BC942}") = "Day19", "Day19\Day19.vcxproj", "{D7261AB1-0373-45FA-B1E4-336EE7C03925}"
EndProject
Project("{8BC9CEB8-8B4A-11D0-8D11-00A0C91BC942}") = "Day20", "Day20\Day20.vcxproj", "{C1B8C9CC-E208-4BD0-B43D-1AEDE44F8A87}"
EndProject
Project("{8BC9CEB8-8B4A-11D0-8D11-00A0C91BC942}") = "Day21", "Day21\Day21.vcxproj", "{5ED208BF-C000-4278-A631-4EE56135FE99}"
EndProject
Project("{8BC9CEB8-8B4A-11D0-8D11-00A0C91BC942}") = "Day22", "Day22\Day22.vcxproj", "{1F6FD7BB-CB1B-4E59-9DB5-A2C916DA34E7}"
EndProject
Project("{8BC9CEB8-8B4A-11D0-8D11-00A0C91BC942}") = "Day23", "Day23\Day23.vcxproj", "{A88ECFF5-6FAC-4369-B0C9-4DFCC0B54131}"
EndProject
Project("{8BC9CEB8-8B4A-11D0-8D11-00A0C91BC942}") = "Day24", "Day24\Day24.vcxproj", "{9262FCC9-6159-46A3-8236-2324B4D4FEC3}"
EndProject
Project("{8BC9CEB8-8B4A-11D0-8D11-00A0C91BC942}") = "Day25", "Day25\Day25.vcxproj", "{A647A17F-53C2-4D82-80F0-7E7A346A096C}"
EndProject
Global
	GlobalSection(SolutionConfigurationPlatforms) = preSolution
		Debug|x64 = Debug|x64
		Debug|x86 = Debug|x86
		Release|x64 = Release|x64
		Release|x86 = Release|x86
	EndGlobalSection
	GlobalSection(ProjectConfigurationPlatforms) = postSolution
		{BD25C345-9630-4EC4-B079-E75727B20397}.Debug|x64.ActiveCfg = Debug|x64
		{BD25C345-9630-4EC4-B079-E75727B20397}.Debug|x64.Build.0 = Debug|x64
		{BD25C345-9630-4EC4-B079-E75727B20397}.Debug|x86.ActiveCfg = Debug|Win32
		{BD25C345-9630-4EC4-B079-E75727B20397}.Debug|x86.Build.0 = Debug|Win32
		{BD25C345-9630-4EC4-B079-E75727B20397}.Release|x64.ActiveCfg = Release|x64
		{BD25C345-9630-4EC4-B079-E75727B20397}.Release|x64.Build.0 = Release|x64
		{BD25C345-9630-4EC4-B079-E75727B20397}.Release|x86.ActiveCfg = Release|Win32
		{BD25C345-9630-4EC4-B079-E75727B20397}.Release|x86.Build.0 = Release|Win32
		{EF7F2CA0-1C1D-4E44-9D5E-8D1380BC3212}.Debug|x64.ActiveCfg = Debug|x64
		{EF7F2CA0-1C1D-4E44-9D5E-8D1380BC3212}.Debug|x64.Build.0 = Debug|x64
		{EF7F2CA0-1C1D-4E44-9D5E-8D1380BC3212}.Debug|x86.ActiveCfg = Debug|Win32
		{EF7F2CA0-1C1D-4E44-9D5E-8D1380BC3212}.Debug|x86.Build.0 = Debug|Win32
		{EF7F2CA0-1C1D-4E44-9D5E-8D1380BC3212}.Release|x64.ActiveCfg = Release|x64
		{EF7F2CA0-1C1D-4E44-9D5E-8D1380BC3212}.Release|x64.Build.0 = Release|x64
		{EF7F2CA0-1C1D-4E44-9D5E-8D1380BC3212}.Release|x86.ActiveCfg = Release|Win32
		{EF7F2CA0-1C1D-4E44-9D5E-8D1380BC3212}.Release|x86.Build.0 = Release|Win32
		{419B3243-EB1E-44B1-85C1-609DCAC159D8}.Debug|x64.ActiveCfg = Debug|x64
		{419B3243-EB1E-44B1-85C1-609DCAC159D8}.Debug|x64.Build.0 = Debug|x64
		{419B3243-EB1E-44B1-85C1-609DCAC159D8}.Debug|x86.ActiveCfg = Debug|Win32
		{419B3243-EB1E-44B1-85C1-609DCAC159D8}.Debug|x86.Build.0 = Debug|Win32
		{419B3243-EB1E-44B1-85C1-609DCAC159D8}.Release|x64.ActiveCfg = Release|x64
		{419B3243-EB1E-44B1-85C1-609DCAC159D8}.Release|x64.Build.0 = Release|x64
		{419B3243-EB1E-44B1-85C1-609DCAC159D8}.Release|x86.ActiveCfg = Release|Win32
		{419B3243-EB1E-44B1-85C1-609DCAC159D8}.Release|x86.Build.0 = Release|Win32
		{17BD2D2D-38C8-4B2F-994D-BCFFBBF49C7A}.Debug|x64.ActiveCfg = Debug|x64
		{17BD2D2D-38C8-4B2F-994D-BCFFBBF49C7A}.Debug|x64.Build.0 = Debug|x64
		{17BD2D2D-38C8-4B2F-994D-BCFFBBF49C7A}.Debug|x86.ActiveCfg = Debug|Win32
		{17BD2D2D-38C8-4B2F-994D-BCFFBBF49C7A}.Debug|x86.Build.0 = Debug|Win32
		{17BD2D2D-38C8-4B2F-994D-BCFFBBF49C7A}.Release|x64.ActiveCfg = Release|x64
		{17BD2D2D-38C8-4B2F-994D-BCFFBBF49C7A}.Release|x64.Build.0 = Release|x64
		{17BD2D2D-38C8-4B2F-994D-BCFFBBF49C7A}.Release|x86.ActiveCfg = Release|Win32
		{17BD2D2D-38C8-4B2F-994D-BCFFBBF49C7A}.Release|x86.Build.0 = Release|Win32
		{58E4CDC5-8362-417D-91FD-7981458CD94C}.Debug|x64.ActiveCfg = Debug|x64
		{58E4CDC5-8362-417D-91FD-7981458CD94C}.Debug|x64.Build.0 = Debug|x64
		{58E4CDC5-8362-417D-91FD-7981458CD94C}.Debug|x86.ActiveCfg = Debug|Win32
		{58E4CDC5-8362-417D-91FD-7981458CD94C}.Debug|x86.Build.0 = Debug|Win32
		{58E4CDC5-8362-417D-91FD-7981458CD94C}.Release|x64.ActiveCfg = Release|x64
		{58E4CDC5-8362-417D-91FD-7981458CD94C}.Release|x64.Build.0 = Release|x64
		{58E4CDC5-8362-417D-91FD-7981458CD94C}.Release|x86.ActiveCfg = Release|Win32
		{58E4CDC5-8362-417D-91FD-7981458CD94C}.Release|x86.Build.0 = Release|Win32
		{E830F4F3-3194-41FA-B042-38A39D55390A}.Debug|x64.ActiveCfg = Debug|x64
		{E830F4F3-3194-41FA-B042-38A39D55390A}.Debug|x64.Build.0 = Debug|x64
		{E830F4F3-3194-41FA-B042-38A39D55390A}.Debug|x86.ActiveCfg = Debug|Win32
		{E830F4F3-3194-41FA-B042-38A39D55390A}.Debug|x86.Build.0 = Debug|Win32
		{E830F4F3-3194-41FA-B042-38A39D55390A}.Release|x64.ActiveCfg = Release|x64
		{E830F4F3-3194-41FA-B042-38A39D55390A}.Release|x64.Build.0 = Release|x64
		{E830F4F3-3194-41FA-B042-38A39D55390A}.Release|x86.ActiveCfg = Release|Win32
		{E830F4F3-3194-41FA-B042-38A39D55390A}.Release|x86.Build.0 = Release|Win32
		{A29E887F-29F7-45B8-BF5A-4382A55248C0}.Debug|x64.ActiveCfg = Debug|x64
		{A29E887F-29F7-45B8-BF5A-4382A55248C0}.Debug|x64.Build.0 = Debug|x64
		{A29E887F-29F7-45B8-BF5A-4382A55248C0}.Debug|x86.ActiveCfg = Debug|Win32
		{A29E887F-29F7-45B8-BF5A-4382A55248C0}.Debug|x86.Build.0 = Debug|Win32
		{A29E887F-29F7-45B8-BF5A-4382A55248C0}.Release|x64.ActiveCfg = Release|x64
		{A29E887F-29F7-45B8-BF5A-4382A55248C0}.Release|x64.Build.0 = Release|x64
		{A29E887F-29F7-45B8-BF5A-4382A55248C0}.Release|x86.ActiveCfg = Release|Win32
		{A29E887F-29F7-45B8-BF5A-4382A55248C0}.Release|x86.Build.0 = Release|Win32
		{94ABEC0D-3D8C-4E32-944E-775B37CC5CCA}.Debug|x64.ActiveCfg = Debug|x64
		{94ABEC0D-3D8C-4E32-944E-775B37CC5CCA}.Debug|x64.Build.0 = Debug|x64
		{94ABEC0D-3D8C-4E32-944E-775B37CC5CCA}.Debug|x86.ActiveCfg = Debug|Win32
		{94ABEC0D-3D8C-4E32-944E-775B37CC5CCA}.Debug|x86.Build.0 = Debug|Win32
		{94ABEC0D-3D8C-4E32-944E-775B37CC5CCA}.Release|x64.ActiveCfg = Release|x64
		{94ABEC0D-3D8C-4E32-944E-775B37CC5CCA}.Release|x64.Build.0 = Release|x64
		{94ABEC0D-3D8C-4E32-944E-775B37CC5CCA}.Release|x86.ActiveCfg = Release|Win32
		{94ABEC0D-3D8C-4E32-944E-775B37CC5CCA}.Release|x86.Build.0 = Release|Win32
		{C64A689E-EB97-49C6-90C1-0ECD7DCB67B1}.Debug|x64.ActiveCfg = Debug|x64
		{C64A689E-EB97-49C6-90C1-0ECD7DCB67B1}.Debug|x64.Build.0 = Debug|x64
		{C64A689E-EB97-49C6-90C1-0ECD7DCB67B1}.Debug|x86.ActiveCfg = Debug|Win32
		{C64A689E-EB97-49C6-90C1-0ECD7DCB67B1}.Debug|x86.Build.0 = Debug|Win32
		{C64A689E-EB97-49C6-90C1-0ECD7DCB67B1}.Release|x64.ActiveCfg = Release|x64
		{C64A689E-EB97-49C6-90C1-0ECD7DCB67B1}.Release|x64.Build.0 = Release|x64
		{C64A689E-EB97-49C6-90C1-0ECD7DCB67B1}.Release|x86.ActiveCfg = Release|Win32
		{C64A689E-EB97-49C6-90C1-0ECD7DCB67B1}.Release|x86.Build.0 = Release|Win32
		{A1C0E43C-261B-4BCC-863F-9B77418B02DE}.Debug|x64.ActiveCfg = Debug|x64
		{A1C0E43C-261B-4BCC-863F-9B77418B02DE}.Debug|x64.Build.0 = Debug|x64
		{A1C0E43C-261B-4BCC-863F-9B77418B02DE}.Debug|x86.ActiveCfg = Debug|Win32
		{A1C0E43C-261B-4BCC-863F-9B77418B02DE}.Debug|x86.Build.0 = Debug|Win32
		{A1C0E43C-261B-4BCC-863F-9B77418B02DE}.Release|x64.ActiveCfg = Release|x64
		{A1C0E43C-261B-4BCC-863F-9B77418B02DE}.Release|x64.Build.0 = Release|x64
		{A1C0E43C-261B-4BCC-863F-9B77418B02DE}.Release|x86.ActiveCfg = Release|Win32
		{A1C0E43C-261B-4BCC-863F-9B77418B02DE}.Release|x86.Build.0 = Release|Win32
		{13DA06EB-E603-4A6F-91FA-FDCCA5EB2450}.Debug|x64.ActiveCfg = Debug|x64
		{13DA06EB-E603-4A6F-91FA-FDCCA5EB2450}.Debug|x64.Build.0 = Debug|x64
		{13DA06EB-E603-4A6F-91FA-FDCCA5EB2450}.Debug|x86.ActiveCfg = Debug|Win32
		{13DA06EB-E603-4A6F-91FA-FDCCA5EB2450}.Debug|x86.Build.0 = Debug|Win32
		{13DA06EB-E603-4A6F-91FA-FDCCA5EB2450}.Release|x64.ActiveCfg = Release|x64
		{13DA06EB-E603-4A6F-91FA-FDCCA5EB2450}.Release|x64.Build.0 = Release|x64
		{13DA06EB-E603-4A6F-91FA-FDCCA5EB2450}.Release|x86.ActiveCfg = Release|Win32
		{13DA06EB-E603-4A6F-91FA-FDCCA5EB2450}.Release|x86.Build.0 = Release|Win32
		{19F32A4F-BC90-4F53-8006-0DA2C14043B3}.Debug|x64.ActiveCfg = Debug|x64
		{19F32A4F-BC90-4F53-8006-0DA2C14043B3}.Debug|x64.Build.0 = Debug|x64
		{19F32A4F-BC90-4F53-8006-0DA2C14043B3}.Debug|x86.ActiveCfg = Debug|Win32
		{19F32A4F-BC90-4F53-8006-0DA2C14043B3}.Debug|x86.Build.0 = Debug|Win32
		{19F32A4F-BC90-4F53-8006-0DA2C14043B3}.Release|x64.ActiveCfg = Release|x64
		{19F32A4F-BC90-4F53-8006-0DA2C14043B3}.Release|x64.Build.0 = Release|x64
		{19F32A4F-BC90-4F53-8006-0DA2C14043B3}.Release|x86.ActiveCfg = Release|Win32
		{19F32A4F-BC90-4F53-8006-0DA2C14043B3}.Release|x86.Build.0 = Release|Win32
		{D6A55337-F3BA-4FF2-A431-16A67EA387B0}.Debug|x64.ActiveCfg = Debug|x64
		{D6A55337-F3BA-4FF2-A431-16A67EA387B0}.Debug|x64.Build.0 = Debug|x64
		{D6A55337-F3BA-4FF2-A431-16A67EA387B0}.Debug|x86.ActiveCfg = Debug|Win32
		{D6A55337-F3BA-4FF2-A431-16A67EA387B0}.Debug|x86.Build.0 = Debug|Win32
		{D6A55337-F3BA-4FF2-A431-16A67EA387B0}.Release|x64.ActiveCfg = Release|x64
		{D6A55337-F3BA-4FF2-A431-16A67EA387B0}.Release|x64.Build.0 = Release|x64
		{D6A55337-F3BA-4FF2-A431-16A67EA387B0}.Release|x86.ActiveCfg = Release|Win32
		{D6A55337-F3BA-4FF2-A431-16A67EA387B0}.Release|x86.Build.0 = Release|Win32
		{3DD06A60-C852-4B8A-85AB-A5BEB4ED78D2}.Debug|x64.ActiveCfg = Debug|x64
		{3DD06A60-C852-4B8A-85AB-A5BEB4ED78D2}.Debug|x64.Build.0 = Debug|x64
		{3DD06A60-C852-4B8A-85AB-A5BEB4ED78D2}.Debug|x86.ActiveCfg = Debug|Win32
		{3DD06A60-C852-4B8A-85AB-A5BEB4ED78D2}.Debug|x86.Build.0 = Debug|Win32
		{3DD06A60-C852-4B8A-85AB-A5BEB4ED78D2}.Release|x64.ActiveCfg = Release|x64
		{3DD06A60-C852-4B8A-85AB-A5BEB4ED78D2}.Release|x64.Build.0 = Release|x64
		{3DD06A60-C852-4B8A-85AB-A5BEB4ED78D2}.Release|x86.ActiveCfg = Release|Win32
		{3DD06A60-C852-4B8A-85AB-A5BEB4ED78D2}.Release|x86.Build.0 = Release|Win32
		{21A05B53-BFB1-4806-AD8C-1B62DE455F14}.Debug|x64.ActiveCfg = Debug|x64
		{21A05B53-BFB1-4806-AD8C-1B62DE455F14}.Debug|x64.Build.0 = Debug|x64
		{21A05B53-BFB1-4806-AD8C-1B62DE455F14}.Debug|x86.ActiveCfg = Debug|Win32
		{21A05B53-BFB1-4806-AD8C-1B62DE455F14}.Debug|x86.Build.0 = Debug|Win32
		{21A05B53-BFB1-4806-AD8C-1B62DE455F14}.Release|x64.ActiveCfg = Release|x64
		{21A05B53-BFB1-4806-AD8C-1B62DE455F14}.Release|x64.Build.0 = Release|x64
		{21A05B53-BFB1-4806-AD8C-1B62DE455F14}.Release|x86.ActiveCfg = Release|Win32
		{21A05B53-BFB1-4806-AD8C-1B62DE455F14}.Release|x86.Build.0 = Release|Win32
		{148213B2-FFBA-4269-BBF8-AA299379CC3B}.Debug|x64.ActiveCfg = Debug|x64
		{148213B2-FFBA-4269-BBF8-AA299379CC3B}.Debug|x64.Build.0 = Debug|x64
		{148213B2-FFBA-4269-BBF8-AA299379CC3B}.Debug|x86.ActiveCfg = Debug|Win32
		{148213B2-FFBA-4269-BBF8-AA299379CC3B}.Debug|x86.Build.0 = Debug|Win32
		{148213B2-FFBA-4269-BBF8-AA299379CC3B}.Release|x64.ActiveCfg = Release|x64
		{148213B2-FFBA-4269-BBF8-AA299379CC3B}.Release|x64.Build.0 = Release|x64
		{148213B2-FFBA-4269-BBF8-AA299379CC3B}.Release|x86.ActiveCfg = Release|Win32
		{148213B2-FFBA-4269-BBF8-AA299379CC3B}.Release|x86.Build.0 = Release|Win32
		{D7261AB1-0373-45FA-B1E4-336EE7C03925}.Debug|x64.ActiveCfg = Debug|x64
		{D7261AB1-0373-45FA-B1E4-336EE7C03925}.Debug|x64.Build.0 = Debug|x64
		{D7261AB1-0373-45FA-B1E4-336EE7C03925}.Debug|x86.ActiveCfg = Debug|Win32
		{D7261AB1-0373-45FA-B1E4-336EE7C03925}.Debug|x86.Build.0 = Debug|Win32
		{D7261AB1-0373-45FA-B1E4-336EE7C03925}.Release|x64.ActiveCfg = Release|x64
		{D7261AB1-0373-45FA-B1E4-336EE7C03925}.Release|x64.Build.0 = Release|x64
		{D7261AB1-0373-45FA-B1E4-336EE7C03925}.Release|x86.ActiveCfg = Release|Win32
		{D7261AB1-0373-45FA-B1E4-336EE7C03925}.Release|x86.Build.0 = Release|Win32
		{C1B8C9CC-E208-4BD0-B43D-1AEDE44F8A87}.Debug|x64.ActiveCfg = Debug|x64
		{C1B8C9CC-E208-4BD0-B43D-1AEDE44F8A87}.Debug|x64.Build.0 = Debug|x64
		{C1B8C9CC-E208-4BD0-B43D-1AEDE44F8A87}.Debug|x86.ActiveCfg = Debug|Win32
		{C1B8C9CC-E208-4BD0-B43D-1AEDE44F8A87}.Debug|x86.Build.0 = Debug|Win32
		{C1B8C9CC-E208-4BD0-B43D-1AEDE44F8A87}.Release|x64.ActiveCfg = Release|x64
		{C1B8C9CC-E208-4BD0-B43D-1AEDE44F8A87}.Release|x64.Build.0 = Release|x64
		{C1B8C9CC-E208-4BD0-B43D-1AEDE44F8A87}.Release|x86.ActiveCfg = Release|Win32
		{C1B8C9CC-E208-4BD0-B43D-1AEDE44F8A87}.Release|x86.Build.0 = Release|Win32
		{5ED208BF-C000-4278-A631-4EE56135FE99}.Debug|x64.ActiveCfg = Debug|x64
		{5ED208BF-C000-4278-A631-4EE56135FE99}.Debug|x64.Build.0 = Debug|x64
		{5ED208BF-C000-4278-A631-4EE56135FE99}.Debug|x86.ActiveCfg = Debug|Win32
		{5ED208BF-C000-4278-A631-4EE56135FE99}.Debug|x86.Build.0 = Debug|Win32
		{5ED208BF-C000-4278-A631-4EE56135FE99}.Release|x64.ActiveCfg = Release|x64
		{5ED208BF-C000-4278-A631-4EE56135FE99}.Release|x64.Build.0 = Release|x64
		{5ED208BF-C000-4278-A631-4EE56135FE99}.Release|x86.ActiveCfg = Release|Win32
		{5ED208BF-C000-4278-A631-4EE56135FE99}.Release|x86.Build.0 = Release|Win32
		{1F6FD7BB-CB1B-4E59-9DB5-A2C916DA34E7}.Debug|x64.ActiveCfg = Debug|x64
		{1F6FD7BB-CB1B-4E59-9DB5-A2C916DA34E7}.Debug|x64.Build.0 = Debug|x64
		{1F6FD7BB-CB1B-4E59-9DB5-A2C916DA34E7}.Debug|x86.ActiveCfg = Debug|Win32
		{1F6FD7BB-CB1B-4E59-9DB5-A2C916DA34E7}.Debug|x86.Build.0 = Debug|Win32
		{1F6FD7BB-CB1B-4E59-9DB5-A2C916DA34E7}.Release|x64.ActiveCfg = Release|x64
		{1F6FD7BB-CB1B-4E59-9DB5-A2C916DA34E7}.Release|x64.Build.0 = Release|x64
		{1F6FD7BB-CB1B-4E59-9DB5-A2C916DA34E7}.Release|x86.ActiveCfg = Release|Win32
		{1F6FD7BB-CB1B-4E59-9DB5-A2C916DA34E7}.Release|x86.Build.0 = Release|Win32
		{A88ECFF5-6FAC-4369-B0C9-4DFCC0B54131}.Debug|x64.ActiveCfg = Debug|x64
		{A88ECFF5-6FAC-4369-B0C9-4DFCC0B54131}.Debug|x64.Build.0 = Debug|x64
		{A88ECFF5-6FAC-4369-B0C9-4DFCC0B54131}.Debug|x86.ActiveCfg = Debug|Win32
		{A88ECFF5-6FAC-4369-B0C9-4DFCC0B54131}.Debug|x86.Build.0 = Debug|Win32
		{A88ECFF5-6FAC-4369-B0C9-4DFCC0B54131}.Release|x64.ActiveCfg = Release|x64
		{A88ECFF5-6FAC-4369-B0C9-4DFCC0B54131}.Release|x64.Build.0 = Release|x64
		{A88ECFF5-6FAC-4369-B0C9-4DFCC0B54131}.Release|x86.ActiveCfg = Release|Win32
		{A88ECFF5-6FAC-4369-B0C9-4DFCC0B54131}.Release|x86.Build.0 = Release|Win32
		{9262FCC9-6159-46A3-8236-2324B4D4FEC3}.Debug|x64.ActiveCfg = Debug|x64
		{9262FCC9-6159-46A3-8236-2324B4D4FEC3}.Debug|x64.Build.0 = Debug|x64
		{9262FCC9-6159-46A3-8236-2324B4D4FEC3}.Debug|x86.ActiveCfg = Debug|Win32
		{9262FCC9-6159-46A3-8236-2324B4D4FEC3}.Debug|x86.Build.0 = Debug|Win32
		{9262FCC9-6159-46A3-8236-2324B4D4FEC3}.Release|x64.ActiveCfg = Release|x64
		{9262FCC9-6159-46A3-8236-2324B4D4FEC3}.Release|x64.Build.0 = Release|x64
		{9262FCC9-6159-46A3-8236-2324B4D4FEC3}.Release|x86.ActiveCfg = Release|Win32
		{9262FCC9-6159-46A3-8236-2324B4D4FEC3}.Release|x86.Build.0 = Release|Win32
		{A647A17F-53C2-4D82-80F0-7E7A346A096C}.Debug|x64.ActiveCfg = Debug|x64
		{A647A17F-53C2-4D82-80F0-7E7A346A096C}.Debug|x64.Build.0 = Debug|x64
		{A647A17F-53C2-4D82-80F0-7E7A346A096C}.Debug|x86.ActiveCfg = Debug|Win32
		{A647A17F-53C2-4D82-80F0-7E7A346A096C}.Debug|x86.Build.0 = Debug|Win32
		{A647A17F-53C2-4D82-80F0-7E7A346A096C}.Release|x64.ActiveCfg = Release|x64
		{A647A17F-53C2-4D82-80F0-7E7A346A096C}.Release|x64.Build.0 = Release|x64
		{A647A17F-53C2-4D82-80F0-7E7A346A096C}.Release|x86.ActiveCfg = Release|Win32
		{A647A17F-53C2-4D82-80F0-7E7A346A096C}.Release|x86.Build.0 = Release|Win32
	EndGlobalSection
	GlobalSection(SolutionProperties) = preSolution
		HideSolutionNode = FALSE
	EndGlobalSection
	GlobalSection(ExtensibilityGlobals) = postSolution
		SolutionGuid = {10693CD1-5498-4C07-BE5D-4B44D2F92C46}
	EndGlobalSection
EndGlobal
